
Microsoft Visual Studio Solution File, Format Version 11.00
# Visual Studio 2010
Project("{FAE04EC0-301F-11D3-BF4B-00C04F79EFBC}") = "jterry.scripting.api", "jterry.scripting.api\jterry.scripting.api.csproj", "{9BBBE3BC-EB44-4633-A1F1-5592B556784B}"
EndProject
Project("{FAE04EC0-301F-11D3-BF4B-00C04F79EFBC}") = "jterry.scripting.web", "jterry.scripting.web\jterry.scripting.web.csproj", "{BD1EA643-EC95-4C3E-A326-138D11C6407A}"
EndProject
Project("{FAE04EC0-301F-11D3-BF4B-00C04F79EFBC}") = "jterry.scripting.winforms", "jterry.scripting.winforms\jterry.scripting.winforms.csproj", "{2787CD90-D115-444B-9987-4844E57D9CEB}"
EndProject
Project("{FAE04EC0-301F-11D3-BF4B-00C04F79EFBC}") = "jterry.scripting.host", "jterry.scripting.host\jterry.scripting.host.csproj", "{4F0D18A0-61F4-4523-AA26-22764D5EF066}"
EndProject
Project("{FAE04EC0-301F-11D3-BF4B-00C04F79EFBC}") = "jterry.scripting.host.editor", "jterry.scripting.host.editor\jterry.scripting.host.editor.csproj", "{CED525A2-F571-4991-9653-D98CA9CE729A}"
EndProject
Global
	GlobalSection(SolutionConfigurationPlatforms) = preSolution
		Debug|Any CPU = Debug|Any CPU
		Debug|Mixed Platforms = Debug|Mixed Platforms
		Debug|x86 = Debug|x86
		Release|Any CPU = Release|Any CPU
		Release|Mixed Platforms = Release|Mixed Platforms
		Release|x86 = Release|x86
	EndGlobalSection
	GlobalSection(ProjectConfigurationPlatforms) = postSolution
		{9BBBE3BC-EB44-4633-A1F1-5592B556784B}.Debug|Any CPU.ActiveCfg = Debug|Any CPU
		{9BBBE3BC-EB44-4633-A1F1-5592B556784B}.Debug|Any CPU.Build.0 = Debug|Any CPU
		{9BBBE3BC-EB44-4633-A1F1-5592B556784B}.Debug|Mixed Platforms.ActiveCfg = Debug|Any CPU
		{9BBBE3BC-EB44-4633-A1F1-5592B556784B}.Debug|Mixed Platforms.Build.0 = Debug|Any CPU
		{9BBBE3BC-EB44-4633-A1F1-5592B556784B}.Debug|x86.ActiveCfg = Debug|Any CPU
		{9BBBE3BC-EB44-4633-A1F1-5592B556784B}.Release|Any CPU.ActiveCfg = Release|Any CPU
		{9BBBE3BC-EB44-4633-A1F1-5592B556784B}.Release|Any CPU.Build.0 = Release|Any CPU
		{9BBBE3BC-EB44-4633-A1F1-5592B556784B}.Release|Mixed Platforms.ActiveCfg = Release|Any CPU
		{9BBBE3BC-EB44-4633-A1F1-5592B556784B}.Release|Mixed Platforms.Build.0 = Release|Any CPU
		{9BBBE3BC-EB44-4633-A1F1-5592B556784B}.Release|x86.ActiveCfg = Release|Any CPU
		{BD1EA643-EC95-4C3E-A326-138D11C6407A}.Debug|Any CPU.ActiveCfg = Debug|Any CPU
		{BD1EA643-EC95-4C3E-A326-138D11C6407A}.Debug|Any CPU.Build.0 = Debug|Any CPU
		{BD1EA643-EC95-4C3E-A326-138D11C6407A}.Debug|Mixed Platforms.ActiveCfg = Debug|Any CPU
		{BD1EA643-EC95-4C3E-A326-138D11C6407A}.Debug|Mixed Platforms.Build.0 = Debug|Any CPU
		{BD1EA643-EC95-4C3E-A326-138D11C6407A}.Debug|x86.ActiveCfg = Debug|Any CPU
		{BD1EA643-EC95-4C3E-A326-138D11C6407A}.Release|Any CPU.ActiveCfg = Release|Any CPU
		{BD1EA643-EC95-4C3E-A326-138D11C6407A}.Release|Any CPU.Build.0 = Release|Any CPU
		{BD1EA643-EC95-4C3E-A326-138D11C6407A}.Release|Mixed Platforms.ActiveCfg = Release|Any CPU
		{BD1EA643-EC95-4C3E-A326-138D11C6407A}.Release|Mixed Platforms.Build.0 = Release|Any CPU
		{BD1EA643-EC95-4C3E-A326-138D11C6407A}.Release|x86.ActiveCfg = Release|Any CPU
		{2787CD90-D115-444B-9987-4844E57D9CEB}.Debug|Any CPU.ActiveCfg = Debug|x86
		{2787CD90-D115-444B-9987-4844E57D9CEB}.Debug|Mixed Platforms.ActiveCfg = Debug|x86
		{2787CD90-D115-444B-9987-4844E57D9CEB}.Debug|Mixed Platforms.Build.0 = Debug|x86
		{2787CD90-D115-444B-9987-4844E57D9CEB}.Debug|x86.ActiveCfg = Debug|x86
		{2787CD90-D115-444B-9987-4844E57D9CEB}.Debug|x86.Build.0 = Debug|x86
		{2787CD90-D115-444B-9987-4844E57D9CEB}.Release|Any CPU.ActiveCfg = Release|x86
		{2787CD90-D115-444B-9987-4844E57D9CEB}.Release|Mixed Platforms.ActiveCfg = Release|x86
		{2787CD90-D115-444B-9987-4844E57D9CEB}.Release|Mixed Platforms.Build.0 = Release|x86
		{2787CD90-D115-444B-9987-4844E57D9CEB}.Release|x86.ActiveCfg = Release|x86
		{2787CD90-D115-444B-9987-4844E57D9CEB}.Release|x86.Build.0 = Release|x86
		{4F0D18A0-61F4-4523-AA26-22764D5EF066}.Debug|Any CPU.ActiveCfg = Debug|Any CPU
		{4F0D18A0-61F4-4523-AA26-22764D5EF066}.Debug|Any CPU.Build.0 = Debug|Any CPU
		{4F0D18A0-61F4-4523-AA26-22764D5EF066}.Debug|Mixed Platforms.ActiveCfg = Debug|Any CPU
		{4F0D18A0-61F4-4523-AA26-22764D5EF066}.Debug|Mixed Platforms.Build.0 = Debug|Any CPU
		{4F0D18A0-61F4-4523-AA26-22764D5EF066}.Debug|x86.ActiveCfg = Debug|Any CPU
		{4F0D18A0-61F4-4523-AA26-22764D5EF066}.Release|Any CPU.ActiveCfg = Release|Any CPU
		{4F0D18A0-61F4-4523-AA26-22764D5EF066}.Release|Any CPU.Build.0 = Release|Any CPU
		{4F0D18A0-61F4-4523-AA26-22764D5EF066}.Release|Mixed Platforms.ActiveCfg = Release|Any CPU
		{4F0D18A0-61F4-4523-AA26-22764D5EF066}.Release|Mixed Platforms.Build.0 = Release|Any CPU
		{4F0D18A0-61F4-4523-AA26-22764D5EF066}.Release|x86.ActiveCfg = Release|Any CPU
		{CED525A2-F571-4991-9653-D98CA9CE729A}.Debug|Any CPU.ActiveCfg = Debug|Any CPU
		{CED525A2-F571-4991-9653-D98CA9CE729A}.Debug|Any CPU.Build.0 = Debug|Any CPU
		{CED525A2-F571-4991-9653-D98CA9CE729A}.Debug|Mixed Platforms.ActiveCfg = Debug|Any CPU
		{CED525A2-F571-4991-9653-D98CA9CE729A}.Debug|Mixed Platforms.Build.0 = Debug|Any CPU
		{CED525A2-F571-4991-9653-D98CA9CE729A}.Debug|x86.ActiveCfg = Debug|Any CPU
		{CED525A2-F571-4991-9653-D98CA9CE729A}.Release|Any CPU.ActiveCfg = Release|Any CPU
		{CED525A2-F571-4991-9653-D98CA9CE729A}.Release|Any CPU.Build.0 = Release|Any CPU
		{CED525A2-F571-4991-9653-D98CA9CE729A}.Release|Mixed Platforms.ActiveCfg = Release|Any CPU
		{CED525A2-F571-4991-9653-D98CA9CE729A}.Release|Mixed Platforms.Build.0 = Release|Any CPU
		{CED525A2-F571-4991-9653-D98CA9CE729A}.Release|x86.ActiveCfg = Release|Any CPU
	EndGlobalSection
	GlobalSection(SolutionProperties) = preSolution
		HideSolutionNode = FALSE
	EndGlobalSection
EndGlobal
