
Microsoft Visual Studio Solution File, Format Version 11.00
# Visual Studio 2010
Project("{FAE04EC0-301F-11D3-BF4B-00C04F79EFBC}") = "Connect4", "Connect4\Connect4.csproj", "{C196620C-9DE2-401B-8A92-7E99C22B5070}"
EndProject
Project("{FAE04EC0-301F-11D3-BF4B-00C04F79EFBC}") = "Connect4.Api", "Connect4.Api\Connect4.Api.csproj", "{C419C0E6-F7FD-4A54-8B08-F427680BCE5F}"
EndProject
Global
	GlobalSection(SolutionConfigurationPlatforms) = preSolution
		Debug|Any CPU = Debug|Any CPU
		Debug|Mixed Platforms = Debug|Mixed Platforms
		Debug|x86 = Debug|x86
		Release|Any CPU = Release|Any CPU
		Release|Mixed Platforms = Release|Mixed Platforms
		Release|x86 = Release|x86
	EndGlobalSection
	GlobalSection(ProjectConfigurationPlatforms) = postSolution
		{C196620C-9DE2-401B-8A92-7E99C22B5070}.Debug|Any CPU.ActiveCfg = Debug|x86
		{C196620C-9DE2-401B-8A92-7E99C22B5070}.Debug|Mixed Platforms.ActiveCfg = Debug|x86
		{C196620C-9DE2-401B-8A92-7E99C22B5070}.Debug|Mixed Platforms.Build.0 = Debug|x86
		{C196620C-9DE2-401B-8A92-7E99C22B5070}.Debug|x86.ActiveCfg = Debug|x86
		{C196620C-9DE2-401B-8A92-7E99C22B5070}.Debug|x86.Build.0 = Debug|x86
		{C196620C-9DE2-401B-8A92-7E99C22B5070}.Release|Any CPU.ActiveCfg = Release|x86
		{C196620C-9DE2-401B-8A92-7E99C22B5070}.Release|Mixed Platforms.ActiveCfg = Release|x86
		{C196620C-9DE2-401B-8A92-7E99C22B5070}.Release|Mixed Platforms.Build.0 = Release|x86
		{C196620C-9DE2-401B-8A92-7E99C22B5070}.Release|x86.ActiveCfg = Release|x86
		{C196620C-9DE2-401B-8A92-7E99C22B5070}.Release|x86.Build.0 = Release|x86
		{C419C0E6-F7FD-4A54-8B08-F427680BCE5F}.Debug|Any CPU.ActiveCfg = Debug|Any CPU
		{C419C0E6-F7FD-4A54-8B08-F427680BCE5F}.Debug|Any CPU.Build.0 = Debug|Any CPU
		{C419C0E6-F7FD-4A54-8B08-F427680BCE5F}.Debug|Mixed Platforms.ActiveCfg = Debug|Any CPU
		{C419C0E6-F7FD-4A54-8B08-F427680BCE5F}.Debug|Mixed Platforms.Build.0 = Debug|Any CPU
		{C419C0E6-F7FD-4A54-8B08-F427680BCE5F}.Debug|x86.ActiveCfg = Debug|Any CPU
		{C419C0E6-F7FD-4A54-8B08-F427680BCE5F}.Release|Any CPU.ActiveCfg = Release|Any CPU
		{C419C0E6-F7FD-4A54-8B08-F427680BCE5F}.Release|Any CPU.Build.0 = Release|Any CPU
		{C419C0E6-F7FD-4A54-8B08-F427680BCE5F}.Release|Mixed Platforms.ActiveCfg = Release|Any CPU
		{C419C0E6-F7FD-4A54-8B08-F427680BCE5F}.Release|Mixed Platforms.Build.0 = Release|Any CPU
		{C419C0E6-F7FD-4A54-8B08-F427680BCE5F}.Release|x86.ActiveCfg = Release|Any CPU
	EndGlobalSection
	GlobalSection(SolutionProperties) = preSolution
		HideSolutionNode = FALSE
	EndGlobalSection
EndGlobal
