
Microsoft Visual Studio Solution File, Format Version 12.00
# Visual Studio 2012
Project("{FAE04EC0-301F-11D3-BF4B-00C04F79EFBC}") = "SESG.UserWebService", "UserWebService\SESG.UserWebService.csproj", "{A28A84D2-DB19-482A-B2E6-38106792FD9F}"
EndProject
Project("{FAE04EC0-301F-11D3-BF4B-00C04F79EFBC}") = "SESG.UserWebService.Tests", "UserWebService.Tests\SESG.UserWebService.Tests.csproj", "{F49D5EA4-7507-4EC8-ABE8-AA6CD31CF7D2}"
EndProject
Project("{FAE04EC0-301F-11D3-BF4B-00C04F79EFBC}") = "SESG.UserWebService.Core", "UserWebService.Core\SESG.UserWebService.Core.csproj", "{9C9BEAEC-DB16-4DCF-9821-1C3BABB0ABC5}"
EndProject
Project("{FAE04EC0-301F-11D3-BF4B-00C04F79EFBC}") = "SESG.UserWebService.Data", "UserWebService.Data\SESG.UserWebService.Data.csproj", "{EAE7F5D1-2F02-4380-BD28-942E6F389B71}"
EndProject
Project("{FAE04EC0-301F-11D3-BF4B-00C04F79EFBC}") = "SESG.UserWebService.Logic", "UserWebService.Logic\SESG.UserWebService.Logic.csproj", "{0F9A7927-98AD-4D1F-89BC-1AF1574A64D0}"
EndProject
Global
	GlobalSection(SolutionConfigurationPlatforms) = preSolution
		Debug|Any CPU = Debug|Any CPU
		Release|Any CPU = Release|Any CPU
	EndGlobalSection
	GlobalSection(ProjectConfigurationPlatforms) = postSolution
		{A28A84D2-DB19-482A-B2E6-38106792FD9F}.Debug|Any CPU.ActiveCfg = Debug|Any CPU
		{A28A84D2-DB19-482A-B2E6-38106792FD9F}.Debug|Any CPU.Build.0 = Debug|Any CPU
		{A28A84D2-DB19-482A-B2E6-38106792FD9F}.Release|Any CPU.ActiveCfg = Release|Any CPU
		{A28A84D2-DB19-482A-B2E6-38106792FD9F}.Release|Any CPU.Build.0 = Release|Any CPU
		{F49D5EA4-7507-4EC8-ABE8-AA6CD31CF7D2}.Debug|Any CPU.ActiveCfg = Debug|Any CPU
		{F49D5EA4-7507-4EC8-ABE8-AA6CD31CF7D2}.Debug|Any CPU.Build.0 = Debug|Any CPU
		{F49D5EA4-7507-4EC8-ABE8-AA6CD31CF7D2}.Release|Any CPU.ActiveCfg = Release|Any CPU
		{F49D5EA4-7507-4EC8-ABE8-AA6CD31CF7D2}.Release|Any CPU.Build.0 = Release|Any CPU
		{9C9BEAEC-DB16-4DCF-9821-1C3BABB0ABC5}.Debug|Any CPU.ActiveCfg = Debug|Any CPU
		{9C9BEAEC-DB16-4DCF-9821-1C3BABB0ABC5}.Debug|Any CPU.Build.0 = Debug|Any CPU
		{9C9BEAEC-DB16-4DCF-9821-1C3BABB0ABC5}.Release|Any CPU.ActiveCfg = Release|Any CPU
		{9C9BEAEC-DB16-4DCF-9821-1C3BABB0ABC5}.Release|Any CPU.Build.0 = Release|Any CPU
		{EAE7F5D1-2F02-4380-BD28-942E6F389B71}.Debug|Any CPU.ActiveCfg = Debug|Any CPU
		{EAE7F5D1-2F02-4380-BD28-942E6F389B71}.Debug|Any CPU.Build.0 = Debug|Any CPU
		{EAE7F5D1-2F02-4380-BD28-942E6F389B71}.Release|Any CPU.ActiveCfg = Release|Any CPU
		{EAE7F5D1-2F02-4380-BD28-942E6F389B71}.Release|Any CPU.Build.0 = Release|Any CPU
		{0F9A7927-98AD-4D1F-89BC-1AF1574A64D0}.Debug|Any CPU.ActiveCfg = Debug|Any CPU
		{0F9A7927-98AD-4D1F-89BC-1AF1574A64D0}.Debug|Any CPU.Build.0 = Debug|Any CPU
		{0F9A7927-98AD-4D1F-89BC-1AF1574A64D0}.Release|Any CPU.ActiveCfg = Release|Any CPU
		{0F9A7927-98AD-4D1F-89BC-1AF1574A64D0}.Release|Any CPU.Build.0 = Release|Any CPU
	EndGlobalSection
	GlobalSection(SolutionProperties) = preSolution
		HideSolutionNode = FALSE
	EndGlobalSection
EndGlobal
