
Microsoft Visual Studio Solution File, Format Version 12.00
# Visual Studio 2013
VisualStudioVersion = 12.0.30110.0
MinimumVisualStudioVersion = 10.0.40219.1
Project("{2150E333-8FDC-42A3-9474-1A3956D46DE8}") = ".nuget", ".nuget", "{2FDA46E0-7AED-4E8A-A450-1D6186D8C3DE}"
	ProjectSection(SolutionItems) = preProject
		.nuget\NuGet.Config = .nuget\NuGet.Config
		.nuget\NuGet.exe = .nuget\NuGet.exe
		.nuget\NuGet.targets = .nuget\NuGet.targets
	EndProjectSection
EndProject
Project("{FAE04EC0-301F-11D3-BF4B-00C04F79EFBC}") = "PreCompiled.Models", "PreCompiled.Models\PreCompiled.Models.csproj", "{53CB4563-9F88-40DA-A6D4-7CBAEAB5A59F}"
EndProject
Project("{FAE04EC0-301F-11D3-BF4B-00C04F79EFBC}") = "PreCompiled.Views", "PreCompiled.Views\PreCompiled.Views.csproj", "{85BDBE12-D5B6-43BA-9C54-DE673255CF2B}"
EndProject
Project("{FAE04EC0-301F-11D3-BF4B-00C04F79EFBC}") = "PreCompiled.Controllers", "PreCompiled.Controllers\PreCompiled.Controllers.csproj", "{199274F4-3C2D-471D-829A-D53805B86EE9}"
EndProject
Project("{FAE04EC0-301F-11D3-BF4B-00C04F79EFBC}") = "PreCompiled.Application", "PreCompiled.Application\PreCompiled.Application.csproj", "{C84CD91B-536A-4032-A5DE-BDFDCEB68D6E}"
EndProject
Global
	GlobalSection(SolutionConfigurationPlatforms) = preSolution
		Debug|Any CPU = Debug|Any CPU
		Release|Any CPU = Release|Any CPU
	EndGlobalSection
	GlobalSection(ProjectConfigurationPlatforms) = postSolution
		{53CB4563-9F88-40DA-A6D4-7CBAEAB5A59F}.Debug|Any CPU.ActiveCfg = Debug|Any CPU
		{53CB4563-9F88-40DA-A6D4-7CBAEAB5A59F}.Debug|Any CPU.Build.0 = Debug|Any CPU
		{53CB4563-9F88-40DA-A6D4-7CBAEAB5A59F}.Release|Any CPU.ActiveCfg = Release|Any CPU
		{53CB4563-9F88-40DA-A6D4-7CBAEAB5A59F}.Release|Any CPU.Build.0 = Release|Any CPU
		{85BDBE12-D5B6-43BA-9C54-DE673255CF2B}.Debug|Any CPU.ActiveCfg = Debug|Any CPU
		{85BDBE12-D5B6-43BA-9C54-DE673255CF2B}.Debug|Any CPU.Build.0 = Debug|Any CPU
		{85BDBE12-D5B6-43BA-9C54-DE673255CF2B}.Release|Any CPU.ActiveCfg = Release|Any CPU
		{85BDBE12-D5B6-43BA-9C54-DE673255CF2B}.Release|Any CPU.Build.0 = Release|Any CPU
		{199274F4-3C2D-471D-829A-D53805B86EE9}.Debug|Any CPU.ActiveCfg = Debug|Any CPU
		{199274F4-3C2D-471D-829A-D53805B86EE9}.Debug|Any CPU.Build.0 = Debug|Any CPU
		{199274F4-3C2D-471D-829A-D53805B86EE9}.Release|Any CPU.ActiveCfg = Release|Any CPU
		{199274F4-3C2D-471D-829A-D53805B86EE9}.Release|Any CPU.Build.0 = Release|Any CPU
		{C84CD91B-536A-4032-A5DE-BDFDCEB68D6E}.Debug|Any CPU.ActiveCfg = Debug|Any CPU
		{C84CD91B-536A-4032-A5DE-BDFDCEB68D6E}.Debug|Any CPU.Build.0 = Debug|Any CPU
		{C84CD91B-536A-4032-A5DE-BDFDCEB68D6E}.Release|Any CPU.ActiveCfg = Release|Any CPU
		{C84CD91B-536A-4032-A5DE-BDFDCEB68D6E}.Release|Any CPU.Build.0 = Release|Any CPU
	EndGlobalSection
	GlobalSection(SolutionProperties) = preSolution
		HideSolutionNode = FALSE
	EndGlobalSection
EndGlobal
